// !$*UTF8*$!
{
	archiveVersion = 1;
	classes = {
	};
	objectVersion = 50;
	objects = {

/* Begin PBXBuildFile section */
		93295C7B20FD7C57007DDDA8 /* AppDelegate.swift in Sources */ = {isa = PBXBuildFile; fileRef = 93295C7A20FD7C57007DDDA8 /* AppDelegate.swift */; };
		93295C7D20FD7C57007DDDA8 /* ViewController.swift in Sources */ = {isa = PBXBuildFile; fileRef = 93295C7C20FD7C57007DDDA8 /* ViewController.swift */; };
		93295C7F20FD7C58007DDDA8 /* Assets.xcassets in Resources */ = {isa = PBXBuildFile; fileRef = 93295C7E20FD7C58007DDDA8 /* Assets.xcassets */; };
		93295C8220FD7C58007DDDA8 /* Main.storyboard in Resources */ = {isa = PBXBuildFile; fileRef = 93295C8020FD7C58007DDDA8 /* Main.storyboard */; };
		93295C8E20FD7C59007DDDA8 /* MultiCounterTests.swift in Sources */ = {isa = PBXBuildFile; fileRef = 93295C8D20FD7C59007DDDA8 /* MultiCounterTests.swift */; };
		93295C9920FD7C59007DDDA8 /* MultiCounterUITests.swift in Sources */ = {isa = PBXBuildFile; fileRef = 93295C9820FD7C59007DDDA8 /* MultiCounterUITests.swift */; };
		93AA0FD120FDAAB6009A6042 /* WindowController.swift in Sources */ = {isa = PBXBuildFile; fileRef = 93AA0FD020FDAAB6009A6042 /* WindowController.swift */; };
/* End PBXBuildFile section */

/* Begin PBXContainerItemProxy section */
		93295C8A20FD7C59007DDDA8 /* PBXContainerItemProxy */ = {
			isa = PBXContainerItemProxy;
			containerPortal = 93295C6F20FD7C57007DDDA8 /* Project object */;
			proxyType = 1;
			remoteGlobalIDString = 93295C7620FD7C57007DDDA8;
			remoteInfo = MultiCounter;
		};
		93295C9520FD7C59007DDDA8 /* PBXContainerItemProxy */ = {
			isa = PBXContainerItemProxy;
			containerPortal = 93295C6F20FD7C57007DDDA8 /* Project object */;
			proxyType = 1;
			remoteGlobalIDString = 93295C7620FD7C57007DDDA8;
			remoteInfo = MultiCounter;
		};
/* End PBXContainerItemProxy section */

/* Begin PBXFileReference section */
		93295C7720FD7C57007DDDA8 /* MultiCounter.app */ = {isa = PBXFileReference; explicitFileType = wrapper.application; includeInIndex = 0; path = MultiCounter.app; sourceTree = BUILT_PRODUCTS_DIR; };
		93295C7A20FD7C57007DDDA8 /* AppDelegate.swift */ = {isa = PBXFileReference; lastKnownFileType = sourcecode.swift; path = AppDelegate.swift; sourceTree = "<group>"; };
		93295C7C20FD7C57007DDDA8 /* ViewController.swift */ = {isa = PBXFileReference; lastKnownFileType = sourcecode.swift; path = ViewController.swift; sourceTree = "<group>"; };
		93295C7E20FD7C58007DDDA8 /* Assets.xcassets */ = {isa = PBXFileReference; lastKnownFileType = folder.assetcatalog; path = Assets.xcassets; sourceTree = "<group>"; };
		93295C8120FD7C58007DDDA8 /* Base */ = {isa = PBXFileReference; lastKnownFileType = file.storyboard; name = Base; path = Base.lproj/Main.storyboard; sourceTree = "<group>"; };
		93295C8320FD7C58007DDDA8 /* Info.plist */ = {isa = PBXFileReference; lastKnownFileType = text.plist.xml; path = Info.plist; sourceTree = "<group>"; };
		93295C8420FD7C58007DDDA8 /* MultiCounter.entitlements */ = {isa = PBXFileReference; lastKnownFileType = text.plist.entitlements; path = MultiCounter.entitlements; sourceTree = "<group>"; };
		93295C8920FD7C59007DDDA8 /* MultiCounterTests.xctest */ = {isa = PBXFileReference; explicitFileType = wrapper.cfbundle; includeInIndex = 0; path = MultiCounterTests.xctest; sourceTree = BUILT_PRODUCTS_DIR; };
		93295C8D20FD7C59007DDDA8 /* MultiCounterTests.swift */ = {isa = PBXFileReference; lastKnownFileType = sourcecode.swift; path = MultiCounterTests.swift; sourceTree = "<group>"; };
		93295C8F20FD7C59007DDDA8 /* Info.plist */ = {isa = PBXFileReference; lastKnownFileType = text.plist.xml; path = Info.plist; sourceTree = "<group>"; };
		93295C9420FD7C59007DDDA8 /* MultiCounterUITests.xctest */ = {isa = PBXFileReference; explicitFileType = wrapper.cfbundle; includeInIndex = 0; path = MultiCounterUITests.xctest; sourceTree = BUILT_PRODUCTS_DIR; };
		93295C9820FD7C59007DDDA8 /* MultiCounterUITests.swift */ = {isa = PBXFileReference; lastKnownFileType = sourcecode.swift; path = MultiCounterUITests.swift; sourceTree = "<group>"; };
		93295C9A20FD7C59007DDDA8 /* Info.plist */ = {isa = PBXFileReference; lastKnownFileType = text.plist.xml; path = Info.plist; sourceTree = "<group>"; };
		93AA0FD020FDAAB6009A6042 /* WindowController.swift */ = {isa = PBXFileReference; lastKnownFileType = sourcecode.swift; path = WindowController.swift; sourceTree = "<group>"; };
/* End PBXFileReference section */

/* Begin PBXFrameworksBuildPhase section */
		93295C7420FD7C57007DDDA8 /* Frameworks */ = {
			isa = PBXFrameworksBuildPhase;
			buildActionMask = 2147483647;
			files = (
			);
			runOnlyForDeploymentPostprocessing = 0;
		};
		93295C8620FD7C59007DDDA8 /* Frameworks */ = {
			isa = PBXFrameworksBuildPhase;
			buildActionMask = 2147483647;
			files = (
			);
			runOnlyForDeploymentPostprocessing = 0;
		};
		93295C9120FD7C59007DDDA8 /* Frameworks */ = {
			isa = PBXFrameworksBuildPhase;
			buildActionMask = 2147483647;
			files = (
			);
			runOnlyForDeploymentPostprocessing = 0;
		};
/* End PBXFrameworksBuildPhase section */

/* Begin PBXGroup section */
		93295C6E20FD7C57007DDDA8 = {
			isa = PBXGroup;
			children = (
				93295C7920FD7C57007DDDA8 /* MultiCounter */,
				93295C8C20FD7C59007DDDA8 /* MultiCounterTests */,
				93295C9720FD7C59007DDDA8 /* MultiCounterUITests */,
				93295C7820FD7C57007DDDA8 /* Products */,
			);
			sourceTree = "<group>";
		};
		93295C7820FD7C57007DDDA8 /* Products */ = {
			isa = PBXGroup;
			children = (
				93295C7720FD7C57007DDDA8 /* MultiCounter.app */,
				93295C8920FD7C59007DDDA8 /* MultiCounterTests.xctest */,
				93295C9420FD7C59007DDDA8 /* MultiCounterUITests.xctest */,
			);
			name = Products;
			sourceTree = "<group>";
		};
		93295C7920FD7C57007DDDA8 /* MultiCounter */ = {
			isa = PBXGroup;
			children = (
				93295C7A20FD7C57007DDDA8 /* AppDelegate.swift */,
				93295C7C20FD7C57007DDDA8 /* ViewController.swift */,
				93295C7E20FD7C58007DDDA8 /* Assets.xcassets */,
				93295C8020FD7C58007DDDA8 /* Main.storyboard */,
				93295C8320FD7C58007DDDA8 /* Info.plist */,
				93295C8420FD7C58007DDDA8 /* MultiCounter.entitlements */,
				93AA0FD020FDAAB6009A6042 /* WindowController.swift */,
			);
			path = MultiCounter;
			sourceTree = "<group>";
		};
		93295C8C20FD7C59007DDDA8 /* MultiCounterTests */ = {
			isa = PBXGroup;
			children = (
				93295C8D20FD7C59007DDDA8 /* MultiCounterTests.swift */,
				93295C8F20FD7C59007DDDA8 /* Info.plist */,
			);
			path = MultiCounterTests;
			sourceTree = "<group>";
		};
		93295C9720FD7C59007DDDA8 /* MultiCounterUITests */ = {
			isa = PBXGroup;
			children = (
				93295C9820FD7C59007DDDA8 /* MultiCounterUITests.swift */,
				93295C9A20FD7C59007DDDA8 /* Info.plist */,
			);
			path = MultiCounterUITests;
			sourceTree = "<group>";
		};
/* End PBXGroup section */

/* Begin PBXNativeTarget section */
		93295C7620FD7C57007DDDA8 /* MultiCounter */ = {
			isa = PBXNativeTarget;
			buildConfigurationList = 93295C9D20FD7C59007DDDA8 /* Build configuration list for PBXNativeTarget "MultiCounter" */;
			buildPhases = (
				93295C7320FD7C57007DDDA8 /* Sources */,
				93295C7420FD7C57007DDDA8 /* Frameworks */,
				93295C7520FD7C57007DDDA8 /* Resources */,
			);
			buildRules = (
			);
			dependencies = (
			);
			name = MultiCounter;
			productName = MultiCounter;
			productReference = 93295C7720FD7C57007DDDA8 /* MultiCounter.app */;
			productType = "com.apple.product-type.application";
		};
		93295C8820FD7C59007DDDA8 /* MultiCounterTests */ = {
			isa = PBXNativeTarget;
			buildConfigurationList = 93295CA020FD7C59007DDDA8 /* Build configuration list for PBXNativeTarget "MultiCounterTests" */;
			buildPhases = (
				93295C8520FD7C59007DDDA8 /* Sources */,
				93295C8620FD7C59007DDDA8 /* Frameworks */,
				93295C8720FD7C59007DDDA8 /* Resources */,
			);
			buildRules = (
			);
			dependencies = (
				93295C8B20FD7C59007DDDA8 /* PBXTargetDependency */,
			);
			name = MultiCounterTests;
			productName = MultiCounterTests;
			productReference = 93295C8920FD7C59007DDDA8 /* MultiCounterTests.xctest */;
			productType = "com.apple.product-type.bundle.unit-test";
		};
		93295C9320FD7C59007DDDA8 /* MultiCounterUITests */ = {
			isa = PBXNativeTarget;
			buildConfigurationList = 93295CA320FD7C59007DDDA8 /* Build configuration list for PBXNativeTarget "MultiCounterUITests" */;
			buildPhases = (
				93295C9020FD7C59007DDDA8 /* Sources */,
				93295C9120FD7C59007DDDA8 /* Frameworks */,
				93295C9220FD7C59007DDDA8 /* Resources */,
			);
			buildRules = (
			);
			dependencies = (
				93295C9620FD7C59007DDDA8 /* PBXTargetDependency */,
			);
			name = MultiCounterUITests;
			productName = MultiCounterUITests;
			productReference = 93295C9420FD7C59007DDDA8 /* MultiCounterUITests.xctest */;
			productType = "com.apple.product-type.bundle.ui-testing";
		};
/* End PBXNativeTarget section */

/* Begin PBXProject section */
		93295C6F20FD7C57007DDDA8 /* Project object */ = {
			isa = PBXProject;
			attributes = {
				LastSwiftUpdateCheck = 0940;
				LastUpgradeCheck = 0940;
				ORGANIZATIONNAME = "Aaron Kollasch";
				TargetAttributes = {
					93295C7620FD7C57007DDDA8 = {
						CreatedOnToolsVersion = 9.4.1;
					};
					93295C8820FD7C59007DDDA8 = {
						CreatedOnToolsVersion = 9.4.1;
						TestTargetID = 93295C7620FD7C57007DDDA8;
					};
					93295C9320FD7C59007DDDA8 = {
						CreatedOnToolsVersion = 9.4.1;
						TestTargetID = 93295C7620FD7C57007DDDA8;
					};
				};
			};
			buildConfigurationList = 93295C7220FD7C57007DDDA8 /* Build configuration list for PBXProject "MultiCounter" */;
			compatibilityVersion = "Xcode 9.3";
			developmentRegion = en;
			hasScannedForEncodings = 0;
			knownRegions = (
				en,
				Base,
			);
			mainGroup = 93295C6E20FD7C57007DDDA8;
			productRefGroup = 93295C7820FD7C57007DDDA8 /* Products */;
			projectDirPath = "";
			projectRoot = "";
			targets = (
				93295C7620FD7C57007DDDA8 /* MultiCounter */,
				93295C8820FD7C59007DDDA8 /* MultiCounterTests */,
				93295C9320FD7C59007DDDA8 /* MultiCounterUITests */,
			);
		};
/* End PBXProject section */

/* Begin PBXResourcesBuildPhase section */
		93295C7520FD7C57007DDDA8 /* Resources */ = {
			isa = PBXResourcesBuildPhase;
			buildActionMask = 2147483647;
			files = (
				93295C7F20FD7C58007DDDA8 /* Assets.xcassets in Resources */,
				93295C8220FD7C58007DDDA8 /* Main.storyboard in Resources */,
			);
			runOnlyForDeploymentPostprocessing = 0;
		};
		93295C8720FD7C59007DDDA8 /* Resources */ = {
			isa = PBXResourcesBuildPhase;
			buildActionMask = 2147483647;
			files = (
			);
			runOnlyForDeploymentPostprocessing = 0;
		};
		93295C9220FD7C59007DDDA8 /* Resources */ = {
			isa = PBXResourcesBuildPhase;
			buildActionMask = 2147483647;
			files = (
			);
			runOnlyForDeploymentPostprocessing = 0;
		};
/* End PBXResourcesBuildPhase section */

/* Begin PBXSourcesBuildPhase section */
		93295C7320FD7C57007DDDA8 /* Sources */ = {
			isa = PBXSourcesBuildPhase;
			buildActionMask = 2147483647;
			files = (
				93295C7D20FD7C57007DDDA8 /* ViewController.swift in Sources */,
				93AA0FD120FDAAB6009A6042 /* WindowController.swift in Sources */,
				93295C7B20FD7C57007DDDA8 /* AppDelegate.swift in Sources */,
			);
			runOnlyForDeploymentPostprocessing = 0;
		};
		93295C8520FD7C59007DDDA8 /* Sources */ = {
			isa = PBXSourcesBuildPhase;
			buildActionMask = 2147483647;
			files = (
				93295C8E20FD7C59007DDDA8 /* MultiCounterTests.swift in Sources */,
			);
			runOnlyForDeploymentPostprocessing = 0;
		};
		93295C9020FD7C59007DDDA8 /* Sources */ = {
			isa = PBXSourcesBuildPhase;
			buildActionMask = 2147483647;
			files = (
				93295C9920FD7C59007DDDA8 /* MultiCounterUITests.swift in Sources */,
			);
			runOnlyForDeploymentPostprocessing = 0;
		};
/* End PBXSourcesBuildPhase section */

/* Begin PBXTargetDependency section */
		93295C8B20FD7C59007DDDA8 /* PBXTargetDependency */ = {
			isa = PBXTargetDependency;
			target = 93295C7620FD7C57007DDDA8 /* MultiCounter */;
			targetProxy = 93295C8A20FD7C59007DDDA8 /* PBXContainerItemProxy */;
		};
		93295C9620FD7C59007DDDA8 /* PBXTargetDependency */ = {
			isa = PBXTargetDependency;
			target = 93295C7620FD7C57007DDDA8 /* MultiCounter */;
			targetProxy = 93295C9520FD7C59007DDDA8 /* PBXContainerItemProxy */;
		};
/* End PBXTargetDependency section */

/* Begin PBXVariantGroup section */
		93295C8020FD7C58007DDDA8 /* Main.storyboard */ = {
			isa = PBXVariantGroup;
			children = (
				93295C8120FD7C58007DDDA8 /* Base */,
			);
			name = Main.storyboard;
			sourceTree = "<group>";
		};
/* End PBXVariantGroup section */

/* Begin XCBuildConfiguration section */
		93295C9B20FD7C59007DDDA8 /* Debug */ = {
			isa = XCBuildConfiguration;
			buildSettings = {
				ALWAYS_SEARCH_USER_PATHS = NO;
				CLANG_ANALYZER_NONNULL = YES;
				CLANG_ANALYZER_NUMBER_OBJECT_CONVERSION = YES_AGGRESSIVE;
				CLANG_CXX_LANGUAGE_STANDARD = "gnu++14";
				CLANG_CXX_LIBRARY = "libc++";
				CLANG_ENABLE_MODULES = YES;
				CLANG_ENABLE_OBJC_ARC = YES;
				CLANG_ENABLE_OBJC_WEAK = YES;
				CLANG_WARN_BLOCK_CAPTURE_AUTORELEASING = YES;
				CLANG_WARN_BOOL_CONVERSION = YES;
				CLANG_WARN_COMMA = YES;
				CLANG_WARN_CONSTANT_CONVERSION = YES;
				CLANG_WARN_DEPRECATED_OBJC_IMPLEMENTATIONS = YES;
				CLANG_WARN_DIRECT_OBJC_ISA_USAGE = YES_ERROR;
				CLANG_WARN_DOCUMENTATION_COMMENTS = YES;
				CLANG_WARN_EMPTY_BODY = YES;
				CLANG_WARN_ENUM_CONVERSION = YES;
				CLANG_WARN_INFINITE_RECURSION = YES;
				CLANG_WARN_INT_CONVERSION = YES;
				CLANG_WARN_NON_LITERAL_NULL_CONVERSION = YES;
				CLANG_WARN_OBJC_IMPLICIT_RETAIN_SELF = YES;
				CLANG_WARN_OBJC_LITERAL_CONVERSION = YES;
				CLANG_WARN_OBJC_ROOT_CLASS = YES_ERROR;
				CLANG_WARN_RANGE_LOOP_ANALYSIS = YES;
				CLANG_WARN_STRICT_PROTOTYPES = YES;
				CLANG_WARN_SUSPICIOUS_MOVE = YES;
				CLANG_WARN_UNGUARDED_AVAILABILITY = YES_AGGRESSIVE;
				CLANG_WARN_UNREACHABLE_CODE = YES;
				CLANG_WARN__DUPLICATE_METHOD_MATCH = YES;
				CODE_SIGN_IDENTITY = "Mac Developer";
				COPY_PHASE_STRIP = NO;
				DEBUG_INFORMATION_FORMAT = dwarf;
				ENABLE_STRICT_OBJC_MSGSEND = YES;
				ENABLE_TESTABILITY = YES;
				GCC_C_LANGUAGE_STANDARD = gnu11;
				GCC_DYNAMIC_NO_PIC = NO;
				GCC_NO_COMMON_BLOCKS = YES;
				GCC_OPTIMIZATION_LEVEL = 0;
				GCC_PREPROCESSOR_DEFINITIONS = (
					"DEBUG=1",
					"$(inherited)",
				);
				GCC_WARN_64_TO_32_BIT_CONVERSION = YES;
				GCC_WARN_ABOUT_RETURN_TYPE = YES_ERROR;
				GCC_WARN_UNDECLARED_SELECTOR = YES;
				GCC_WARN_UNINITIALIZED_AUTOS = YES_AGGRESSIVE;
				GCC_WARN_UNUSED_FUNCTION = YES;
				GCC_WARN_UNUSED_VARIABLE = YES;
				MACOSX_DEPLOYMENT_TARGET = 10.13;
				MTL_ENABLE_DEBUG_INFO = YES;
				ONLY_ACTIVE_ARCH = YES;
				SDKROOT = macosx;
				SWIFT_ACTIVE_COMPILATION_CONDITIONS = DEBUG;
				SWIFT_OPTIMIZATION_LEVEL = "-Onone";
			};
			name = Debug;
		};
		93295C9C20FD7C59007DDDA8 /* Release */ = {
			isa = XCBuildConfiguration;
			buildSettings = {
				ALWAYS_SEARCH_USER_PATHS = NO;
				CLANG_ANALYZER_NONNULL = YES;
				CLANG_ANALYZER_NUMBER_OBJECT_CONVERSION = YES_AGGRESSIVE;
				CLANG_CXX_LANGUAGE_STANDARD = "gnu++14";
				CLANG_CXX_LIBRARY = "libc++";
				CLANG_ENABLE_MODULES = YES;
				CLANG_ENABLE_OBJC_ARC = YES;
				CLANG_ENABLE_OBJC_WEAK = YES;
				CLANG_WARN_BLOCK_CAPTURE_AUTORELEASING = YES;
				CLANG_WARN_BOOL_CONVERSION = YES;
				CLANG_WARN_COMMA = YES;
				CLANG_WARN_CONSTANT_CONVERSION = YES;
				CLANG_WARN_DEPRECATED_OBJC_IMPLEMENTATIONS = YES;
				CLANG_WARN_DIRECT_OBJC_ISA_USAGE = YES_ERROR;
				CLANG_WARN_DOCUMENTATION_COMMENTS = YES;
				CLANG_WARN_EMPTY_BODY = YES;
				CLANG_WARN_ENUM_CONVERSION = YES;
				CLANG_WARN_INFINITE_RECURSION = YES;
				CLANG_WARN_INT_CONVERSION = YES;
				CLANG_WARN_NON_LITERAL_NULL_CONVERSION = YES;
				CLANG_WARN_OBJC_IMPLICIT_RETAIN_SELF = YES;
				CLANG_WARN_OBJC_LITERAL_CONVERSION = YES;
				CLANG_WARN_OBJC_ROOT_CLASS = YES_ERROR;
				CLANG_WARN_RANGE_LOOP_ANALYSIS = YES;
				CLANG_WARN_STRICT_PROTOTYPES = YES;
				CLANG_WARN_SUSPICIOUS_MOVE = YES;
				CLANG_WARN_UNGUARDED_AVAILABILITY = YES_AGGRESSIVE;
				CLANG_WARN_UNREACHABLE_CODE = YES;
				CLANG_WARN__DUPLICATE_METHOD_MATCH = YES;
				CODE_SIGN_IDENTITY = "Mac Developer";
				COPY_PHASE_STRIP = NO;
				DEBUG_INFORMATION_FORMAT = "dwarf-with-dsym";
				ENABLE_NS_ASSERTIONS = NO;
				ENABLE_STRICT_OBJC_MSGSEND = YES;
				GCC_C_LANGUAGE_STANDARD = gnu11;
				GCC_NO_COMMON_BLOCKS = YES;
				GCC_WARN_64_TO_32_BIT_CONVERSION = YES;
				GCC_WARN_ABOUT_RETURN_TYPE = YES_ERROR;
				GCC_WARN_UNDECLARED_SELECTOR = YES;
				GCC_WARN_UNINITIALIZED_AUTOS = YES_AGGRESSIVE;
				GCC_WARN_UNUSED_FUNCTION = YES;
				GCC_WARN_UNUSED_VARIABLE = YES;
				MACOSX_DEPLOYMENT_TARGET = 10.13;
				MTL_ENABLE_DEBUG_INFO = NO;
				SDKROOT = macosx;
				SWIFT_COMPILATION_MODE = wholemodule;
				SWIFT_OPTIMIZATION_LEVEL = "-O";
			};
			name = Release;
		};
		93295C9E20FD7C59007DDDA8 /* Debug */ = {
			isa = XCBuildConfiguration;
			buildSettings = {
				ASSETCATALOG_COMPILER_APPICON_NAME = AppIcon;
				CODE_SIGN_ENTITLEMENTS = MultiCounter/MultiCounter.entitlements;
				CODE_SIGN_STYLE = Automatic;
				COMBINE_HIDPI_IMAGES = YES;
				DEVELOPMENT_TEAM = Z7E5S5TRYT;
				INFOPLIST_FILE = MultiCounter/Info.plist;
				LD_RUNPATH_SEARCH_PATHS = (
					"$(inherited)",
					"@executable_path/../Frameworks",
				);
				MACOSX_DEPLOYMENT_TARGET = 10.13;
				PRODUCT_BUNDLE_IDENTIFIER = com.awk.MultiCounter;
				PRODUCT_NAME = "$(TARGET_NAME)";
				SWIFT_VERSION = 4.0;
			};
			name = Debug;
		};
		93295C9F20FD7C59007DDDA8 /* Release */ = {
			isa = XCBuildConfiguration;
			buildSettings = {
				ASSETCATALOG_COMPILER_APPICON_NAME = AppIcon;
				CODE_SIGN_ENTITLEMENTS = MultiCounter/MultiCounter.entitlements;
				CODE_SIGN_STYLE = Automatic;
				COMBINE_HIDPI_IMAGES = YES;
				DEVELOPMENT_TEAM = Z7E5S5TRYT;
				INFOPLIST_FILE = MultiCounter/Info.plist;
				LD_RUNPATH_SEARCH_PATHS = (
					"$(inherited)",
					"@executable_path/../Frameworks",
				);
				MACOSX_DEPLOYMENT_TARGET = 10.13;
				PRODUCT_BUNDLE_IDENTIFIER = com.awk.MultiCounter;
				PRODUCT_NAME = "$(TARGET_NAME)";
				SWIFT_VERSION = 4.0;
			};
			name = Release;
		};
		93295CA120FD7C59007DDDA8 /* Debug */ = {
			isa = XCBuildConfiguration;
			buildSettings = {
				ALWAYS_EMBED_SWIFT_STANDARD_LIBRARIES = YES;
				BUNDLE_LOADER = "$(TEST_HOST)";
				CODE_SIGN_STYLE = Automatic;
				COMBINE_HIDPI_IMAGES = YES;
				DEVELOPMENT_TEAM = Z7E5S5TRYT;
				INFOPLIST_FILE = MultiCounterTests/Info.plist;
				LD_RUNPATH_SEARCH_PATHS = (
					"$(inherited)",
					"@executable_path/../Frameworks",
					"@loader_path/../Frameworks",
				);
				PRODUCT_BUNDLE_IDENTIFIER = com.awk.MultiCounterTests;
				PRODUCT_NAME = "$(TARGET_NAME)";
				SWIFT_VERSION = 4.0;
				TEST_HOST = "$(BUILT_PRODUCTS_DIR)/MultiCounter.app/Contents/MacOS/MultiCounter";
			};
			name = Debug;
		};
		93295CA220FD7C59007DDDA8 /* Release */ = {
			isa = XCBuildConfiguration;
			buildSettings = {
				ALWAYS_EMBED_SWIFT_STANDARD_LIBRARIES = YES;
				BUNDLE_LOADER = "$(TEST_HOST)";
				CODE_SIGN_STYLE = Automatic;
				COMBINE_HIDPI_IMAGES = YES;
				DEVELOPMENT_TEAM = Z7E5S5TRYT;
				INFOPLIST_FILE = MultiCounterTests/Info.plist;
				LD_RUNPATH_SEARCH_PATHS = (
					"$(inherited)",
					"@executable_path/../Frameworks",
					"@loader_path/../Frameworks",
				);
				PRODUCT_BUNDLE_IDENTIFIER = com.awk.MultiCounterTests;
				PRODUCT_NAME = "$(TARGET_NAME)";
				SWIFT_VERSION = 4.0;
				TEST_HOST = "$(BUILT_PRODUCTS_DIR)/MultiCounter.app/Contents/MacOS/MultiCounter";
			};
			name = Release;
		};
		93295CA420FD7C59007DDDA8 /* Debug */ = {
			isa = XCBuildConfiguration;
			buildSettings = {
				ALWAYS_EMBED_SWIFT_STANDARD_LIBRARIES = YES;
				CODE_SIGN_STYLE = Automatic;
				COMBINE_HIDPI_IMAGES = YES;
				DEVELOPMENT_TEAM = Z7E5S5TRYT;
				INFOPLIST_FILE = MultiCounterUITests/Info.plist;
				LD_RUNPATH_SEARCH_PATHS = (
					"$(inherited)",
					"@executable_path/../Frameworks",
					"@loader_path/../Frameworks",
				);
				PRODUCT_BUNDLE_IDENTIFIER = com.awk.MultiCounterUITests;
				PRODUCT_NAME = "$(TARGET_NAME)";
				SWIFT_VERSION = 4.0;
				TEST_TARGET_NAME = MultiCounter;
			};
			name = Debug;
		};
		93295CA520FD7C59007DDDA8 /* Release */ = {
			isa = XCBuildConfiguration;
			buildSettings = {
				ALWAYS_EMBED_SWIFT_STANDARD_LIBRARIES = YES;
				CODE_SIGN_STYLE = Automatic;
				COMBINE_HIDPI_IMAGES = YES;
				DEVELOPMENT_TEAM = Z7E5S5TRYT;
				INFOPLIST_FILE = MultiCounterUITests/Info.plist;
				LD_RUNPATH_SEARCH_PATHS = (
					"$(inherited)",
					"@executable_path/../Frameworks",
					"@loader_path/../Frameworks",
				);
				PRODUCT_BUNDLE_IDENTIFIER = com.awk.MultiCounterUITests;
				PRODUCT_NAME = "$(TARGET_NAME)";
				SWIFT_VERSION = 4.0;
				TEST_TARGET_NAME = MultiCounter;
			};
			name = Release;
		};
/* End XCBuildConfiguration section */

/* Begin XCConfigurationList section */
		93295C7220FD7C57007DDDA8 /* Build configuration list for PBXProject "MultiCounter" */ = {
			isa = XCConfigurationList;
			buildConfigurations = (
				93295C9B20FD7C59007DDDA8 /* Debug */,
				93295C9C20FD7C59007DDDA8 /* Release */,
			);
			defaultConfigurationIsVisible = 0;
			defaultConfigurationName = Release;
		};
		93295C9D20FD7C59007DDDA8 /* Build configuration list for PBXNativeTarget "MultiCounter" */ = {
			isa = XCConfigurationList;
			buildConfigurations = (
				93295C9E20FD7C59007DDDA8 /* Debug */,
				93295C9F20FD7C59007DDDA8 /* Release */,
			);
			defaultConfigurationIsVisible = 0;
			defaultConfigurationName = Release;
		};
		93295CA020FD7C59007DDDA8 /* Build configuration list for PBXNativeTarget "MultiCounterTests" */ = {
			isa = XCConfigurationList;
			buildConfigurations = (
				93295CA120FD7C59007DDDA8 /* Debug */,
				93295CA220FD7C59007DDDA8 /* Release */,
			);
			defaultConfigurationIsVisible = 0;
			defaultConfigurationName = Release;
		};
		93295CA320FD7C59007DDDA8 /* Build configuration list for PBXNativeTarget "MultiCounterUITests" */ = {
			isa = XCConfigurationList;
			buildConfigurations = (
				93295CA420FD7C59007DDDA8 /* Debug */,
				93295CA520FD7C59007DDDA8 /* Release */,
			);
			defaultConfigurationIsVisible = 0;
			defaultConfigurationName = Release;
		};
/* End XCConfigurationList section */
	};
	rootObject = 93295C6F20FD7C57007DDDA8 /* Project object */;
}
